# This file is automatically @generated by Cargo.
# It is not intended for manual editing.
version = 4

[[package]]
name = "algo_t"
version = "0.1.0"
dependencies = [
 "core_t",
]

[[package]]
name = "bench_t"
version = "0.1.0"
dependencies = [
 "core_t",
 "render_t",
]

[[package]]
name = "core_t"
version = "0.1.0"

[[package]]
name = "render_t"
version = "0.1.0"
dependencies = [
 "algo_t",
 "core_t",
]
